
Microsoft Visual Studio Solution File, Format Version 12.00
# Visual Studio Version 17
VisualStudioVersion = 17.11.35312.102
MinimumVisualStudioVersion = 10.0.40219.1
Project("{FAE04EC0-301F-11D3-BF4B-00C04F79EFBC}") = "Siscomat.Api", "Api\Siscomat.Api.csproj", "{F83EBA63-F67D-458B-B5C0-700A5A6F5A01}"
EndProject
Project("{FAE04EC0-301F-11D3-BF4B-00C04F79EFBC}") = "Siscomat.Services", "Siscomat.Services\Siscomat.Services.csproj", "{2CA44A98-5D47-4903-B979-CC5EDB98D669}"
EndProject
Project("{FAE04EC0-301F-11D3-BF4B-00C04F79EFBC}") = "Siscomat.Repositories", "Siscomat.Repository\Siscomat.Repositories.csproj", "{606065B0-E967-4F73-AB3B-0214EA7C8D0A}"
EndProject
Project("{FAE04EC0-301F-11D3-BF4B-00C04F79EFBC}") = "Siscomat.Core", "Siscomat.Core\Siscomat.Core.csproj", "{CDF161C5-005B-4CC8-B251-25338B6A38D2}"
EndProject
Project("{FAE04EC0-301F-11D3-BF4B-00C04F79EFBC}") = "Siscomat.Tests", "Siscomat.Tests\Siscomat.Tests.csproj", "{64176002-24D0-4FE7-8476-463F525322E7}"
EndProject
Global
	GlobalSection(SolutionConfigurationPlatforms) = preSolution
		Debug|Any CPU = Debug|Any CPU
		Release|Any CPU = Release|Any CPU
	EndGlobalSection
	GlobalSection(ProjectConfigurationPlatforms) = postSolution
		{F83EBA63-F67D-458B-B5C0-700A5A6F5A01}.Debug|Any CPU.ActiveCfg = Debug|Any CPU
		{F83EBA63-F67D-458B-B5C0-700A5A6F5A01}.Debug|Any CPU.Build.0 = Debug|Any CPU
		{F83EBA63-F67D-458B-B5C0-700A5A6F5A01}.Release|Any CPU.ActiveCfg = Release|Any CPU
		{F83EBA63-F67D-458B-B5C0-700A5A6F5A01}.Release|Any CPU.Build.0 = Release|Any CPU
		{2CA44A98-5D47-4903-B979-CC5EDB98D669}.Debug|Any CPU.ActiveCfg = Debug|Any CPU
		{2CA44A98-5D47-4903-B979-CC5EDB98D669}.Debug|Any CPU.Build.0 = Debug|Any CPU
		{2CA44A98-5D47-4903-B979-CC5EDB98D669}.Release|Any CPU.ActiveCfg = Release|Any CPU
		{2CA44A98-5D47-4903-B979-CC5EDB98D669}.Release|Any CPU.Build.0 = Release|Any CPU
		{606065B0-E967-4F73-AB3B-0214EA7C8D0A}.Debug|Any CPU.ActiveCfg = Debug|Any CPU
		{606065B0-E967-4F73-AB3B-0214EA7C8D0A}.Debug|Any CPU.Build.0 = Debug|Any CPU
		{606065B0-E967-4F73-AB3B-0214EA7C8D0A}.Release|Any CPU.ActiveCfg = Release|Any CPU
		{606065B0-E967-4F73-AB3B-0214EA7C8D0A}.Release|Any CPU.Build.0 = Release|Any CPU
		{CDF161C5-005B-4CC8-B251-25338B6A38D2}.Debug|Any CPU.ActiveCfg = Debug|Any CPU
		{CDF161C5-005B-4CC8-B251-25338B6A38D2}.Debug|Any CPU.Build.0 = Debug|Any CPU
		{CDF161C5-005B-4CC8-B251-25338B6A38D2}.Release|Any CPU.ActiveCfg = Release|Any CPU
		{CDF161C5-005B-4CC8-B251-25338B6A38D2}.Release|Any CPU.Build.0 = Release|Any CPU
		{64176002-24D0-4FE7-8476-463F525322E7}.Debug|Any CPU.ActiveCfg = Debug|Any CPU
		{64176002-24D0-4FE7-8476-463F525322E7}.Debug|Any CPU.Build.0 = Debug|Any CPU
		{64176002-24D0-4FE7-8476-463F525322E7}.Release|Any CPU.ActiveCfg = Release|Any CPU
		{64176002-24D0-4FE7-8476-463F525322E7}.Release|Any CPU.Build.0 = Release|Any CPU
	EndGlobalSection
	GlobalSection(SolutionProperties) = preSolution
		HideSolutionNode = FALSE
	EndGlobalSection
	GlobalSection(ExtensibilityGlobals) = postSolution
		SolutionGuid = {655135AD-37DC-424D-8F4C-A61CAE560411}
	EndGlobalSection
EndGlobal
